# THIS IS AN AUTOGENERATED FILE. DO NOT EDIT THIS FILE DIRECTLY.
# yarn lockfile v1


"@vuelidate/core@^2.0.0":
  version "2.0.0"
  resolved "https://registry.yarnpkg.com/@vuelidate/core/-/core-2.0.0.tgz#dfe73ba3f997646e07bd4da4f327fe53c29782cb"
  integrity sha512-xIFgdQlScO0aaSZ0wTGPJh8YcTMNAj5veI8yPgiAyxOT+GV7vNQFiU1vpYWCL4cklkkhYvRRSC2OEX7YOZNmPQ==
  dependencies:
    vue-demi "^0.13.11"

"@vuelidate/validators@^2.0.0":
  version "2.0.0"
  resolved "https://registry.yarnpkg.com/@vuelidate/validators/-/validators-2.0.0.tgz#1ddd86c6c81b2cfbb5720961e951cc53ec0a80be"
  integrity sha512-fQQcmDWfz7pyH5/JPi0Ng2GEgNK1pUHn/Z/j5rG/Q+HwhgIXvJblTPcZwKOj1ABL7V4UVuGKECvZCDHNGOwdrg==
  dependencies:
    vue-demi "^0.13.11"

vue-demi@^0.13.11:
  version "0.13.11"
  resolved "https://registry.yarnpkg.com/vue-demi/-/vue-demi-0.13.11.tgz#7d90369bdae8974d87b1973564ad390182410d99"
  integrity sha512-IR8HoEEGM65YY3ZJYAjMlKygDQn25D5ajNFNoKh9RSDMQtlzCxtfQjdQgv9jjK+m3377SsJXY8ysq8kLCZL25A==

vuelidate@^0.7.7:
  version "0.7.7"
  resolved "https://registry.yarnpkg.com/vuelidate/-/vuelidate-0.7.7.tgz#5df3930a63ddecf56fde7bdacea9dbaf0c9bf899"
  integrity sha512-pT/U2lDI67wkIqI4tum7cMSIfGcAMfB+Phtqh2ttdXURwvHRBJEAQ0tVbUsW9Upg83Q5QH59bnCoXI7A9JDGnA==
